// !$*UTF8*$!
{
	archiveVersion = 1;
	classes = {
	};
	objectVersion = 56;
	objects = {

/* Begin PBXBuildFile section */
		0AF7C6A8147178A273826D01 /* Pods_TrackerTests.framework in Frameworks */ = {isa = PBXBuildFile; fileRef = 5031BED779EF798B2656A465 /* Pods_TrackerTests.framework */; };
		45F53FBEE7B77A8EBB0B38D7 /* Pods_Tracker.framework in Frameworks */ = {isa = PBXBuildFile; fileRef = 8CC77D4455934D65BA319C7F /* Pods_Tracker.framework */; };
		75040ED42BC83CE700D92B37 /* Localizable.strings in Resources */ = {isa = PBXBuildFile; fileRef = 75040ED62BC83CE700D92B37 /* Localizable.strings */; };
		75040ED92BC83EC800D92B37 /* String+Localizable.swift in Sources */ = {isa = PBXBuildFile; fileRef = 75040ED82BC83EC800D92B37 /* String+Localizable.swift */; };
		75040EDF2BC8401900D92B37 /* Main.storyboard in Resources */ = {isa = PBXBuildFile; fileRef = 75040EDA2BC8401900D92B37 /* Main.storyboard */; };
		75040EE12BC8401900D92B37 /* LaunchScreen.storyboard in Resources */ = {isa = PBXBuildFile; fileRef = 75040EDC2BC8401900D92B37 /* LaunchScreen.storyboard */; };
		75040EE62BC844B500D92B37 /* InfoPlist.strings in Resources */ = {isa = PBXBuildFile; fileRef = 75040EE82BC844B500D92B37 /* InfoPlist.strings */; };
		75040EF22BC846FB00D92B37 /* TrackerSnapshotTests.swift in Sources */ = {isa = PBXBuildFile; fileRef = 75040EF12BC846FB00D92B37 /* TrackerSnapshotTests.swift */; };
		75040EF92BC8485D00D92B37 /* Colors.swift in Sources */ = {isa = PBXBuildFile; fileRef = 75040EF82BC8485D00D92B37 /* Colors.swift */; };
		75040EFC2BC84EFB00D92B37 /* InlineSnapshotTesting in Frameworks */ = {isa = PBXBuildFile; productRef = 75040EFB2BC84EFB00D92B37 /* InlineSnapshotTesting */; };
		75040EFE2BC84EFB00D92B37 /* SnapshotTesting in Frameworks */ = {isa = PBXBuildFile; productRef = 75040EFD2BC84EFB00D92B37 /* SnapshotTesting */; };
		750A93FE2BCEE88D00C2A04C /* StatisticsView.swift in Sources */ = {isa = PBXBuildFile; fileRef = 750A93FC2BCEE88D00C2A04C /* StatisticsView.swift */; };
		750A93FF2BCEE88D00C2A04C /* StatisticsViewModel.swift in Sources */ = {isa = PBXBuildFile; fileRef = 750A93FD2BCEE88D00C2A04C /* StatisticsViewModel.swift */; };
		750A94012BCEE8C500C2A04C /* UILabel+Extension.swift in Sources */ = {isa = PBXBuildFile; fileRef = 750A94002BCEE8C500C2A04C /* UILabel+Extension.swift */; };
		751EEF2E2B9F6127009C5614 /* UIViewController + hideKeyboard.swift in Sources */ = {isa = PBXBuildFile; fileRef = 751EEF2D2B9F6127009C5614 /* UIViewController + hideKeyboard.swift */; };
		751EEF6E2BA5C121009C5614 /* TextFieldWithPadding.swift in Sources */ = {isa = PBXBuildFile; fileRef = 751EEF6D2BA5C121009C5614 /* TextFieldWithPadding.swift */; };
		7537A5DA2B839C700009A6B3 /* AppDelegate.swift in Sources */ = {isa = PBXBuildFile; fileRef = 7537A5D92B839C700009A6B3 /* AppDelegate.swift */; };
		7537A5DC2B839C700009A6B3 /* SceneDelegate.swift in Sources */ = {isa = PBXBuildFile; fileRef = 7537A5DB2B839C700009A6B3 /* SceneDelegate.swift */; };
		7537A5DE2B839C700009A6B3 /* TrackersViewController.swift in Sources */ = {isa = PBXBuildFile; fileRef = 7537A5DD2B839C700009A6B3 /* TrackersViewController.swift */; };
		7537A5E32B839C710009A6B3 /* Assets.xcassets in Resources */ = {isa = PBXBuildFile; fileRef = 7537A5E22B839C710009A6B3 /* Assets.xcassets */; };
		7537A5F12B839C710009A6B3 /* TrackerTests.swift in Sources */ = {isa = PBXBuildFile; fileRef = 7537A5F02B839C710009A6B3 /* TrackerTests.swift */; };
		7537A5FB2B839C710009A6B3 /* TrackerUITests.swift in Sources */ = {isa = PBXBuildFile; fileRef = 7537A5FA2B839C710009A6B3 /* TrackerUITests.swift */; };
		7537A5FD2B839C710009A6B3 /* TrackerUITestsLaunchTests.swift in Sources */ = {isa = PBXBuildFile; fileRef = 7537A5FC2B839C710009A6B3 /* TrackerUITestsLaunchTests.swift */; };
		7537A60B2B839E7E0009A6B3 /* Tracker.swift in Sources */ = {isa = PBXBuildFile; fileRef = 7537A60A2B839E7E0009A6B3 /* Tracker.swift */; };
		7537A60E2B8632760009A6B3 /* Date+Extensions.swift in Sources */ = {isa = PBXBuildFile; fileRef = 7537A60D2B8632760009A6B3 /* Date+Extensions.swift */; };
		7537A6122B8634840009A6B3 /* TabBarController.swift in Sources */ = {isa = PBXBuildFile; fileRef = 7537A6112B8634840009A6B3 /* TabBarController.swift */; };
		7537A6142B8634AF0009A6B3 /* StatisticsViewController.swift in Sources */ = {isa = PBXBuildFile; fileRef = 7537A6132B8634AF0009A6B3 /* StatisticsViewController.swift */; };
		7537A6162B8641CC0009A6B3 /* CreateTrackerViewController.swift in Sources */ = {isa = PBXBuildFile; fileRef = 7537A6152B8641CC0009A6B3 /* CreateTrackerViewController.swift */; };
		7537A61F2B8E1CD60009A6B3 /* ScheduleViewController.swift in Sources */ = {isa = PBXBuildFile; fileRef = 7537A61E2B8E1CD60009A6B3 /* ScheduleViewController.swift */; };
		7537A6222B8E1EF40009A6B3 /* ScheduleCell.swift in Sources */ = {isa = PBXBuildFile; fileRef = 7537A6212B8E1EF40009A6B3 /* ScheduleCell.swift */; };
		7537A6242B8E3DB10009A6B3 /* TrackersEmptyStateView.swift in Sources */ = {isa = PBXBuildFile; fileRef = 7537A6232B8E3DB10009A6B3 /* TrackersEmptyStateView.swift */; };
		7537A6262B8E43FE0009A6B3 /* TrackerCell.swift in Sources */ = {isa = PBXBuildFile; fileRef = 7537A6252B8E43FE0009A6B3 /* TrackerCell.swift */; };
		7537A6282B8E44180009A6B3 /* TrackerHeader.swift in Sources */ = {isa = PBXBuildFile; fileRef = 7537A6272B8E44180009A6B3 /* TrackerHeader.swift */; };
		75B0A3502BC19FC700661272 /* OnboardingPageViewController.swift in Sources */ = {isa = PBXBuildFile; fileRef = 75B0A34E2BC19FC700661272 /* OnboardingPageViewController.swift */; };
		75B0A3512BC19FC700661272 /* OnboardingViewController.swift in Sources */ = {isa = PBXBuildFile; fileRef = 75B0A34F2BC19FC700661272 /* OnboardingViewController.swift */; };
		75B0A3592BC1AE8D00661272 /* CategoryCell.swift in Sources */ = {isa = PBXBuildFile; fileRef = 75B0A3552BC1AE8D00661272 /* CategoryCell.swift */; };
		75B0A35A2BC1AE8D00661272 /* CategoriesViewModel.swift in Sources */ = {isa = PBXBuildFile; fileRef = 75B0A3562BC1AE8D00661272 /* CategoriesViewModel.swift */; };
		75B0A35B2BC1AE8D00661272 /* SetCategoriesViewController.swift in Sources */ = {isa = PBXBuildFile; fileRef = 75B0A3572BC1AE8D00661272 /* SetCategoriesViewController.swift */; };
		75B0A35C2BC1AE8D00661272 /* CategoriesViewController.swift in Sources */ = {isa = PBXBuildFile; fileRef = 75B0A3582BC1AE8D00661272 /* CategoriesViewController.swift */; };
		75B0A35E2BC1AFBF00661272 /* TextField.swift in Sources */ = {isa = PBXBuildFile; fileRef = 75B0A35D2BC1AFBF00661272 /* TextField.swift */; };
		75B0A3602BC1B0A700661272 /* ListOfItems.swift in Sources */ = {isa = PBXBuildFile; fileRef = 75B0A35F2BC1B0A700661272 /* ListOfItems.swift */; };
		75B607FE2BBB18A700A27604 /* TrackerFormViewController.swift in Sources */ = {isa = PBXBuildFile; fileRef = 75B607FD2BBB18A700A27604 /* TrackerFormViewController.swift */; };
		75B608022BBB18B500A27604 /* Emoji.swift in Sources */ = {isa = PBXBuildFile; fileRef = 75B608002BBB18B500A27604 /* Emoji.swift */; };
		75B608072BBB18F100A27604 /* ColorContainerCell.swift in Sources */ = {isa = PBXBuildFile; fileRef = 75B608062BBB18F100A27604 /* ColorContainerCell.swift */; };
		75B6080D2BBB18FB00A27604 /* EmojiContainerCell.swift in Sources */ = {isa = PBXBuildFile; fileRef = 75B608082BBB18FA00A27604 /* EmojiContainerCell.swift */; };
		75B6080E2BBB18FB00A27604 /* CreateHabitCell.swift in Sources */ = {isa = PBXBuildFile; fileRef = 75B608092BBB18FA00A27604 /* CreateHabitCell.swift */; };
		75B6080F2BBB18FB00A27604 /* HabitTypeContainerCell.swift in Sources */ = {isa = PBXBuildFile; fileRef = 75B6080A2BBB18FA00A27604 /* HabitTypeContainerCell.swift */; };
		75B608102BBB18FB00A27604 /* HabitTypeCell.swift in Sources */ = {isa = PBXBuildFile; fileRef = 75B6080B2BBB18FB00A27604 /* HabitTypeCell.swift */; };
		75B608112BBB18FB00A27604 /* HabitNameCell.swift in Sources */ = {isa = PBXBuildFile; fileRef = 75B6080C2BBB18FB00A27604 /* HabitNameCell.swift */; };
		75C56E892BB5C0FF0092C3AA /* ColorMarshalling.swift in Sources */ = {isa = PBXBuildFile; fileRef = 75C56E882BB5C0FF0092C3AA /* ColorMarshalling.swift */; };
		75CD2E442BB05E2400BBCF21 /* DayOfWeek.swift in Sources */ = {isa = PBXBuildFile; fileRef = 75CD2E432BB05E2400BBCF21 /* DayOfWeek.swift */; };
		75CD2E492BB0668E00BBCF21 /* Tracker.xcdatamodeld in Sources */ = {isa = PBXBuildFile; fileRef = 75CD2E472BB0668E00BBCF21 /* Tracker.xcdatamodeld */; };
		75CD2E4B2BB0673500BBCF21 /* DaysValueTransformer.swift in Sources */ = {isa = PBXBuildFile; fileRef = 75CD2E4A2BB0673500BBCF21 /* DaysValueTransformer.swift */; };
		75CD2E4D2BB0677000BBCF21 /* UIColorValueTransformer.swift in Sources */ = {isa = PBXBuildFile; fileRef = 75CD2E4C2BB0677000BBCF21 /* UIColorValueTransformer.swift */; };
		75CD2E4F2BB06EE400BBCF21 /* TrackerStore.swift in Sources */ = {isa = PBXBuildFile; fileRef = 75CD2E4E2BB06EE400BBCF21 /* TrackerStore.swift */; };
		75CD2E512BB0701300BBCF21 /* UIWindow+keyWindow.swift in Sources */ = {isa = PBXBuildFile; fileRef = 75CD2E502BB0701300BBCF21 /* UIWindow+keyWindow.swift */; };
		75F05D672BD18724002E30EF /* AnalyticsService.swift in Sources */ = {isa = PBXBuildFile; fileRef = 75F05D662BD18724002E30EF /* AnalyticsService.swift */; };
		75F695EB2BB5AA5F004BBE6C /* TrackerCategoryStore.swift in Sources */ = {isa = PBXBuildFile; fileRef = 75F695EA2BB5AA5F004BBE6C /* TrackerCategoryStore.swift */; };
		75F695ED2BB5AA72004BBE6C /* TrackerRecordStore.swift in Sources */ = {isa = PBXBuildFile; fileRef = 75F695EC2BB5AA72004BBE6C /* TrackerRecordStore.swift */; };
		75F6962B2BB5AC0C004BBE6C /* Store.swift in Sources */ = {isa = PBXBuildFile; fileRef = 75F6962A2BB5AC0C004BBE6C /* Store.swift */; };
		75F6962D2BB5B3CD004BBE6C /* TrackerCategory.swift in Sources */ = {isa = PBXBuildFile; fileRef = 75F6962C2BB5B3CD004BBE6C /* TrackerCategory.swift */; };
		75F6962F2BB5B3E0004BBE6C /* TrackerRecord.swift in Sources */ = {isa = PBXBuildFile; fileRef = 75F6962E2BB5B3E0004BBE6C /* TrackerRecord.swift */; };
		75F696312BB5B411004BBE6C /* Emojis.swift in Sources */ = {isa = PBXBuildFile; fileRef = 75F696302BB5B411004BBE6C /* Emojis.swift */; };
		75F98C3C2BDD437C00071E1F /* CustomTableViewCell.swift in Sources */ = {isa = PBXBuildFile; fileRef = 75F98C3A2BDD437C00071E1F /* CustomTableViewCell.swift */; };
		75F98C3D2BDD437C00071E1F /* FiltersViewController.swift in Sources */ = {isa = PBXBuildFile; fileRef = 75F98C3B2BDD437C00071E1F /* FiltersViewController.swift */; };
		B09233DF8320937091D42820 /* Pods_TrackerSnapshotTests.framework in Frameworks */ = {isa = PBXBuildFile; fileRef = 6B1E73B8258112509DDDFA17 /* Pods_TrackerSnapshotTests.framework */; };
		CE3B038E71968E3DCF21824C /* Pods_Tracker_TrackerUITests.framework in Frameworks */ = {isa = PBXBuildFile; fileRef = 39E2186E6414C6583EC47792 /* Pods_Tracker_TrackerUITests.framework */; };
/* End PBXBuildFile section */

/* Begin PBXContainerItemProxy section */
		75040EF32BC846FB00D92B37 /* PBXContainerItemProxy */ = {
			isa = PBXContainerItemProxy;
			containerPortal = 7537A5CE2B839C700009A6B3 /* Project object */;
			proxyType = 1;
			remoteGlobalIDString = 7537A5D52B839C700009A6B3;
			remoteInfo = Tracker;
		};
		7537A5ED2B839C710009A6B3 /* PBXContainerItemProxy */ = {
			isa = PBXContainerItemProxy;
			containerPortal = 7537A5CE2B839C700009A6B3 /* Project object */;
			proxyType = 1;
			remoteGlobalIDString = 7537A5D52B839C700009A6B3;
			remoteInfo = Tracker;
		};
		7537A5F72B839C710009A6B3 /* PBXContainerItemProxy */ = {
			isa = PBXContainerItemProxy;
			containerPortal = 7537A5CE2B839C700009A6B3 /* Project object */;
			proxyType = 1;
			remoteGlobalIDString = 7537A5D52B839C700009A6B3;
			remoteInfo = Tracker;
		};
/* End PBXContainerItemProxy section */

/* Begin PBXFileReference section */
		0A95CF3BEC5FA387BBAD6B18 /* Pods-TrackerTests.release.xcconfig */ = {isa = PBXFileReference; includeInIndex = 1; lastKnownFileType = text.xcconfig; name = "Pods-TrackerTests.release.xcconfig"; path = "Target Support Files/Pods-TrackerTests/Pods-TrackerTests.release.xcconfig"; sourceTree = "<group>"; };
		20B1E6A06BB77E7FD8C5A35B /* Pods-Tracker.debug.xcconfig */ = {isa = PBXFileReference; includeInIndex = 1; lastKnownFileType = text.xcconfig; name = "Pods-Tracker.debug.xcconfig"; path = "Target Support Files/Pods-Tracker/Pods-Tracker.debug.xcconfig"; sourceTree = "<group>"; };
		39E2186E6414C6583EC47792 /* Pods_Tracker_TrackerUITests.framework */ = {isa = PBXFileReference; explicitFileType = wrapper.framework; includeInIndex = 0; path = Pods_Tracker_TrackerUITests.framework; sourceTree = BUILT_PRODUCTS_DIR; };
		5031BED779EF798B2656A465 /* Pods_TrackerTests.framework */ = {isa = PBXFileReference; explicitFileType = wrapper.framework; includeInIndex = 0; path = Pods_TrackerTests.framework; sourceTree = BUILT_PRODUCTS_DIR; };
		6B1E73B8258112509DDDFA17 /* Pods_TrackerSnapshotTests.framework */ = {isa = PBXFileReference; explicitFileType = wrapper.framework; includeInIndex = 0; path = Pods_TrackerSnapshotTests.framework; sourceTree = BUILT_PRODUCTS_DIR; };
		72BFF799A662D884BC3E89B5 /* Pods-TrackerTests.debug.xcconfig */ = {isa = PBXFileReference; includeInIndex = 1; lastKnownFileType = text.xcconfig; name = "Pods-TrackerTests.debug.xcconfig"; path = "Target Support Files/Pods-TrackerTests/Pods-TrackerTests.debug.xcconfig"; sourceTree = "<group>"; };
		75040ED52BC83CE700D92B37 /* ru */ = {isa = PBXFileReference; lastKnownFileType = text.plist.strings; name = ru; path = ru.lproj/Localizable.strings; sourceTree = "<group>"; };
		75040ED72BC83CEA00D92B37 /* en */ = {isa = PBXFileReference; lastKnownFileType = text.plist.strings; name = en; path = en.lproj/Localizable.strings; sourceTree = "<group>"; };
		75040ED82BC83EC800D92B37 /* String+Localizable.swift */ = {isa = PBXFileReference; lastKnownFileType = sourcecode.swift; path = "String+Localizable.swift"; sourceTree = "<group>"; };
		75040EDA2BC8401900D92B37 /* Main.storyboard */ = {isa = PBXFileReference; fileEncoding = 4; lastKnownFileType = file.storyboard; path = Main.storyboard; sourceTree = "<group>"; };
		75040EDC2BC8401900D92B37 /* LaunchScreen.storyboard */ = {isa = PBXFileReference; fileEncoding = 4; lastKnownFileType = file.storyboard; path = LaunchScreen.storyboard; sourceTree = "<group>"; };
		75040EE72BC844B500D92B37 /* ru */ = {isa = PBXFileReference; lastKnownFileType = text.plist.strings; name = ru; path = ru.lproj/InfoPlist.strings; sourceTree = "<group>"; };
		75040EE92BC844BC00D92B37 /* en */ = {isa = PBXFileReference; lastKnownFileType = text.plist.strings; name = en; path = en.lproj/InfoPlist.strings; sourceTree = "<group>"; };
		75040EEF2BC846FB00D92B37 /* TrackerSnapshotTests.xctest */ = {isa = PBXFileReference; explicitFileType = wrapper.cfbundle; includeInIndex = 0; path = TrackerSnapshotTests.xctest; sourceTree = BUILT_PRODUCTS_DIR; };
		75040EF12BC846FB00D92B37 /* TrackerSnapshotTests.swift */ = {isa = PBXFileReference; lastKnownFileType = sourcecode.swift; path = TrackerSnapshotTests.swift; sourceTree = "<group>"; };
		75040EF82BC8485D00D92B37 /* Colors.swift */ = {isa = PBXFileReference; lastKnownFileType = sourcecode.swift; path = Colors.swift; sourceTree = "<group>"; };
		750A93FC2BCEE88D00C2A04C /* StatisticsView.swift */ = {isa = PBXFileReference; fileEncoding = 4; lastKnownFileType = sourcecode.swift; path = StatisticsView.swift; sourceTree = "<group>"; };
		750A93FD2BCEE88D00C2A04C /* StatisticsViewModel.swift */ = {isa = PBXFileReference; fileEncoding = 4; lastKnownFileType = sourcecode.swift; path = StatisticsViewModel.swift; sourceTree = "<group>"; };
		750A94002BCEE8C500C2A04C /* UILabel+Extension.swift */ = {isa = PBXFileReference; lastKnownFileType = sourcecode.swift; path = "UILabel+Extension.swift"; sourceTree = "<group>"; };
		751EEF2D2B9F6127009C5614 /* UIViewController + hideKeyboard.swift */ = {isa = PBXFileReference; lastKnownFileType = sourcecode.swift; path = "UIViewController + hideKeyboard.swift"; sourceTree = "<group>"; };
		751EEF6D2BA5C121009C5614 /* TextFieldWithPadding.swift */ = {isa = PBXFileReference; lastKnownFileType = sourcecode.swift; path = TextFieldWithPadding.swift; sourceTree = "<group>"; };
		7537A5D62B839C700009A6B3 /* Tracker.app */ = {isa = PBXFileReference; explicitFileType = wrapper.application; includeInIndex = 0; path = Tracker.app; sourceTree = BUILT_PRODUCTS_DIR; };
		7537A5D92B839C700009A6B3 /* AppDelegate.swift */ = {isa = PBXFileReference; lastKnownFileType = sourcecode.swift; path = AppDelegate.swift; sourceTree = "<group>"; };
		7537A5DB2B839C700009A6B3 /* SceneDelegate.swift */ = {isa = PBXFileReference; lastKnownFileType = sourcecode.swift; path = SceneDelegate.swift; sourceTree = "<group>"; };
		7537A5DD2B839C700009A6B3 /* TrackersViewController.swift */ = {isa = PBXFileReference; lastKnownFileType = sourcecode.swift; path = TrackersViewController.swift; sourceTree = "<group>"; };
		7537A5E22B839C710009A6B3 /* Assets.xcassets */ = {isa = PBXFileReference; lastKnownFileType = folder.assetcatalog; path = Assets.xcassets; sourceTree = "<group>"; };
		7537A5E72B839C710009A6B3 /* Info.plist */ = {isa = PBXFileReference; lastKnownFileType = text.plist.xml; path = Info.plist; sourceTree = "<group>"; };
		7537A5EC2B839C710009A6B3 /* TrackerTests.xctest */ = {isa = PBXFileReference; explicitFileType = wrapper.cfbundle; includeInIndex = 0; path = TrackerTests.xctest; sourceTree = BUILT_PRODUCTS_DIR; };
		7537A5F02B839C710009A6B3 /* TrackerTests.swift */ = {isa = PBXFileReference; lastKnownFileType = sourcecode.swift; path = TrackerTests.swift; sourceTree = "<group>"; };
		7537A5F62B839C710009A6B3 /* TrackerUITests.xctest */ = {isa = PBXFileReference; explicitFileType = wrapper.cfbundle; includeInIndex = 0; path = TrackerUITests.xctest; sourceTree = BUILT_PRODUCTS_DIR; };
		7537A5FA2B839C710009A6B3 /* TrackerUITests.swift */ = {isa = PBXFileReference; lastKnownFileType = sourcecode.swift; path = TrackerUITests.swift; sourceTree = "<group>"; };
		7537A5FC2B839C710009A6B3 /* TrackerUITestsLaunchTests.swift */ = {isa = PBXFileReference; lastKnownFileType = sourcecode.swift; path = TrackerUITestsLaunchTests.swift; sourceTree = "<group>"; };
		7537A60A2B839E7E0009A6B3 /* Tracker.swift */ = {isa = PBXFileReference; lastKnownFileType = sourcecode.swift; path = Tracker.swift; sourceTree = "<group>"; };
		7537A60D2B8632760009A6B3 /* Date+Extensions.swift */ = {isa = PBXFileReference; lastKnownFileType = sourcecode.swift; path = "Date+Extensions.swift"; sourceTree = "<group>"; };
		7537A6112B8634840009A6B3 /* TabBarController.swift */ = {isa = PBXFileReference; lastKnownFileType = sourcecode.swift; path = TabBarController.swift; sourceTree = "<group>"; };
		7537A6132B8634AF0009A6B3 /* StatisticsViewController.swift */ = {isa = PBXFileReference; lastKnownFileType = sourcecode.swift; path = StatisticsViewController.swift; sourceTree = "<group>"; };
		7537A6152B8641CC0009A6B3 /* CreateTrackerViewController.swift */ = {isa = PBXFileReference; lastKnownFileType = sourcecode.swift; path = CreateTrackerViewController.swift; sourceTree = "<group>"; };
		7537A61E2B8E1CD60009A6B3 /* ScheduleViewController.swift */ = {isa = PBXFileReference; lastKnownFileType = sourcecode.swift; path = ScheduleViewController.swift; sourceTree = "<group>"; };
		7537A6212B8E1EF40009A6B3 /* ScheduleCell.swift */ = {isa = PBXFileReference; lastKnownFileType = sourcecode.swift; path = ScheduleCell.swift; sourceTree = "<group>"; };
		7537A6232B8E3DB10009A6B3 /* TrackersEmptyStateView.swift */ = {isa = PBXFileReference; lastKnownFileType = sourcecode.swift; path = TrackersEmptyStateView.swift; sourceTree = "<group>"; };
		7537A6252B8E43FE0009A6B3 /* TrackerCell.swift */ = {isa = PBXFileReference; lastKnownFileType = sourcecode.swift; path = TrackerCell.swift; sourceTree = "<group>"; };
		7537A6272B8E44180009A6B3 /* TrackerHeader.swift */ = {isa = PBXFileReference; lastKnownFileType = sourcecode.swift; path = TrackerHeader.swift; sourceTree = "<group>"; };
		75B0A34E2BC19FC700661272 /* OnboardingPageViewController.swift */ = {isa = PBXFileReference; fileEncoding = 4; lastKnownFileType = sourcecode.swift; path = OnboardingPageViewController.swift; sourceTree = "<group>"; };
		75B0A34F2BC19FC700661272 /* OnboardingViewController.swift */ = {isa = PBXFileReference; fileEncoding = 4; lastKnownFileType = sourcecode.swift; path = OnboardingViewController.swift; sourceTree = "<group>"; };
		75B0A3552BC1AE8D00661272 /* CategoryCell.swift */ = {isa = PBXFileReference; fileEncoding = 4; lastKnownFileType = sourcecode.swift; path = CategoryCell.swift; sourceTree = "<group>"; };
		75B0A3562BC1AE8D00661272 /* CategoriesViewModel.swift */ = {isa = PBXFileReference; fileEncoding = 4; lastKnownFileType = sourcecode.swift; path = CategoriesViewModel.swift; sourceTree = "<group>"; };
		75B0A3572BC1AE8D00661272 /* SetCategoriesViewController.swift */ = {isa = PBXFileReference; fileEncoding = 4; lastKnownFileType = sourcecode.swift; path = SetCategoriesViewController.swift; sourceTree = "<group>"; };
		75B0A3582BC1AE8D00661272 /* CategoriesViewController.swift */ = {isa = PBXFileReference; fileEncoding = 4; lastKnownFileType = sourcecode.swift; path = CategoriesViewController.swift; sourceTree = "<group>"; };
		75B0A35D2BC1AFBF00661272 /* TextField.swift */ = {isa = PBXFileReference; lastKnownFileType = sourcecode.swift; path = TextField.swift; sourceTree = "<group>"; };
		75B0A35F2BC1B0A700661272 /* ListOfItems.swift */ = {isa = PBXFileReference; lastKnownFileType = sourcecode.swift; path = ListOfItems.swift; sourceTree = "<group>"; };
		75B607FD2BBB18A700A27604 /* TrackerFormViewController.swift */ = {isa = PBXFileReference; fileEncoding = 4; lastKnownFileType = sourcecode.swift; path = TrackerFormViewController.swift; sourceTree = "<group>"; };
		75B608002BBB18B500A27604 /* Emoji.swift */ = {isa = PBXFileReference; fileEncoding = 4; lastKnownFileType = sourcecode.swift; path = Emoji.swift; sourceTree = "<group>"; };
		75B608062BBB18F100A27604 /* ColorContainerCell.swift */ = {isa = PBXFileReference; fileEncoding = 4; lastKnownFileType = sourcecode.swift; path = ColorContainerCell.swift; sourceTree = "<group>"; };
		75B608082BBB18FA00A27604 /* EmojiContainerCell.swift */ = {isa = PBXFileReference; fileEncoding = 4; lastKnownFileType = sourcecode.swift; path = EmojiContainerCell.swift; sourceTree = "<group>"; };
		75B608092BBB18FA00A27604 /* CreateHabitCell.swift */ = {isa = PBXFileReference; fileEncoding = 4; lastKnownFileType = sourcecode.swift; path = CreateHabitCell.swift; sourceTree = "<group>"; };
		75B6080A2BBB18FA00A27604 /* HabitTypeContainerCell.swift */ = {isa = PBXFileReference; fileEncoding = 4; lastKnownFileType = sourcecode.swift; path = HabitTypeContainerCell.swift; sourceTree = "<group>"; };
		75B6080B2BBB18FB00A27604 /* HabitTypeCell.swift */ = {isa = PBXFileReference; fileEncoding = 4; lastKnownFileType = sourcecode.swift; path = HabitTypeCell.swift; sourceTree = "<group>"; };
		75B6080C2BBB18FB00A27604 /* HabitNameCell.swift */ = {isa = PBXFileReference; fileEncoding = 4; lastKnownFileType = sourcecode.swift; path = HabitNameCell.swift; sourceTree = "<group>"; };
		75C56E882BB5C0FF0092C3AA /* ColorMarshalling.swift */ = {isa = PBXFileReference; lastKnownFileType = sourcecode.swift; path = ColorMarshalling.swift; sourceTree = "<group>"; };
		75CD2E432BB05E2400BBCF21 /* DayOfWeek.swift */ = {isa = PBXFileReference; lastKnownFileType = sourcecode.swift; path = DayOfWeek.swift; sourceTree = "<group>"; };
		75CD2E482BB0668E00BBCF21 /* Tracker.xcdatamodel */ = {isa = PBXFileReference; lastKnownFileType = wrapper.xcdatamodel; path = Tracker.xcdatamodel; sourceTree = "<group>"; };
		75CD2E4A2BB0673500BBCF21 /* DaysValueTransformer.swift */ = {isa = PBXFileReference; lastKnownFileType = sourcecode.swift; path = DaysValueTransformer.swift; sourceTree = "<group>"; };
		75CD2E4C2BB0677000BBCF21 /* UIColorValueTransformer.swift */ = {isa = PBXFileReference; lastKnownFileType = sourcecode.swift; path = UIColorValueTransformer.swift; sourceTree = "<group>"; };
		75CD2E4E2BB06EE400BBCF21 /* TrackerStore.swift */ = {isa = PBXFileReference; lastKnownFileType = sourcecode.swift; path = TrackerStore.swift; sourceTree = "<group>"; };
		75CD2E502BB0701300BBCF21 /* UIWindow+keyWindow.swift */ = {isa = PBXFileReference; lastKnownFileType = sourcecode.swift; path = "UIWindow+keyWindow.swift"; sourceTree = "<group>"; };
		75F05D662BD18724002E30EF /* AnalyticsService.swift */ = {isa = PBXFileReference; lastKnownFileType = sourcecode.swift; path = AnalyticsService.swift; sourceTree = "<group>"; };
		75F695EA2BB5AA5F004BBE6C /* TrackerCategoryStore.swift */ = {isa = PBXFileReference; lastKnownFileType = sourcecode.swift; path = TrackerCategoryStore.swift; sourceTree = "<group>"; };
		75F695EC2BB5AA72004BBE6C /* TrackerRecordStore.swift */ = {isa = PBXFileReference; lastKnownFileType = sourcecode.swift; path = TrackerRecordStore.swift; sourceTree = "<group>"; };
		75F6962A2BB5AC0C004BBE6C /* Store.swift */ = {isa = PBXFileReference; lastKnownFileType = sourcecode.swift; path = Store.swift; sourceTree = "<group>"; };
		75F6962C2BB5B3CD004BBE6C /* TrackerCategory.swift */ = {isa = PBXFileReference; lastKnownFileType = sourcecode.swift; path = TrackerCategory.swift; sourceTree = "<group>"; };
		75F6962E2BB5B3E0004BBE6C /* TrackerRecord.swift */ = {isa = PBXFileReference; lastKnownFileType = sourcecode.swift; path = TrackerRecord.swift; sourceTree = "<group>"; };
		75F696302BB5B411004BBE6C /* Emojis.swift */ = {isa = PBXFileReference; lastKnownFileType = sourcecode.swift; path = Emojis.swift; sourceTree = "<group>"; };
		75F98C3A2BDD437C00071E1F /* CustomTableViewCell.swift */ = {isa = PBXFileReference; fileEncoding = 4; lastKnownFileType = sourcecode.swift; path = CustomTableViewCell.swift; sourceTree = "<group>"; };
		75F98C3B2BDD437C00071E1F /* FiltersViewController.swift */ = {isa = PBXFileReference; fileEncoding = 4; lastKnownFileType = sourcecode.swift; path = FiltersViewController.swift; sourceTree = "<group>"; };
		8CC77D4455934D65BA319C7F /* Pods_Tracker.framework */ = {isa = PBXFileReference; explicitFileType = wrapper.framework; includeInIndex = 0; path = Pods_Tracker.framework; sourceTree = BUILT_PRODUCTS_DIR; };
		8DD3296416B25AAEB446E1DA /* Pods-Tracker-TrackerUITests.debug.xcconfig */ = {isa = PBXFileReference; includeInIndex = 1; lastKnownFileType = text.xcconfig; name = "Pods-Tracker-TrackerUITests.debug.xcconfig"; path = "Target Support Files/Pods-Tracker-TrackerUITests/Pods-Tracker-TrackerUITests.debug.xcconfig"; sourceTree = "<group>"; };
		AC268ECB7487997E8EB00027 /* Pods-TrackerSnapshotTests.release.xcconfig */ = {isa = PBXFileReference; includeInIndex = 1; lastKnownFileType = text.xcconfig; name = "Pods-TrackerSnapshotTests.release.xcconfig"; path = "Target Support Files/Pods-TrackerSnapshotTests/Pods-TrackerSnapshotTests.release.xcconfig"; sourceTree = "<group>"; };
		ADC420EE56F83FCF9E103EB6 /* Pods-Tracker-TrackerUITests.release.xcconfig */ = {isa = PBXFileReference; includeInIndex = 1; lastKnownFileType = text.xcconfig; name = "Pods-Tracker-TrackerUITests.release.xcconfig"; path = "Target Support Files/Pods-Tracker-TrackerUITests/Pods-Tracker-TrackerUITests.release.xcconfig"; sourceTree = "<group>"; };
		B0DB166195EA304C39BA777F /* Pods-Tracker.release.xcconfig */ = {isa = PBXFileReference; includeInIndex = 1; lastKnownFileType = text.xcconfig; name = "Pods-Tracker.release.xcconfig"; path = "Target Support Files/Pods-Tracker/Pods-Tracker.release.xcconfig"; sourceTree = "<group>"; };
		E3712DAFBD751CE7EB7F1033 /* Pods-TrackerSnapshotTests.debug.xcconfig */ = {isa = PBXFileReference; includeInIndex = 1; lastKnownFileType = text.xcconfig; name = "Pods-TrackerSnapshotTests.debug.xcconfig"; path = "Target Support Files/Pods-TrackerSnapshotTests/Pods-TrackerSnapshotTests.debug.xcconfig"; sourceTree = "<group>"; };
/* End PBXFileReference section */

/* Begin PBXFrameworksBuildPhase section */
		75040EEC2BC846FB00D92B37 /* Frameworks */ = {
			isa = PBXFrameworksBuildPhase;
			buildActionMask = 2147483647;
			files = (
				75040EFC2BC84EFB00D92B37 /* InlineSnapshotTesting in Frameworks */,
				75040EFE2BC84EFB00D92B37 /* SnapshotTesting in Frameworks */,
				B09233DF8320937091D42820 /* Pods_TrackerSnapshotTests.framework in Frameworks */,
			);
			runOnlyForDeploymentPostprocessing = 0;
		};
		7537A5D32B839C700009A6B3 /* Frameworks */ = {
			isa = PBXFrameworksBuildPhase;
			buildActionMask = 2147483647;
			files = (
				45F53FBEE7B77A8EBB0B38D7 /* Pods_Tracker.framework in Frameworks */,
			);
			runOnlyForDeploymentPostprocessing = 0;
		};
		7537A5E92B839C710009A6B3 /* Frameworks */ = {
			isa = PBXFrameworksBuildPhase;
			buildActionMask = 2147483647;
			files = (
				0AF7C6A8147178A273826D01 /* Pods_TrackerTests.framework in Frameworks */,
			);
			runOnlyForDeploymentPostprocessing = 0;
		};
		7537A5F32B839C710009A6B3 /* Frameworks */ = {
			isa = PBXFrameworksBuildPhase;
			buildActionMask = 2147483647;
			files = (
				CE3B038E71968E3DCF21824C /* Pods_Tracker_TrackerUITests.framework in Frameworks */,
			);
			runOnlyForDeploymentPostprocessing = 0;
		};
/* End PBXFrameworksBuildPhase section */

/* Begin PBXGroup section */
		0B9803EB8151E8C92834C438 /* Frameworks */ = {
			isa = PBXGroup;
			children = (
				8CC77D4455934D65BA319C7F /* Pods_Tracker.framework */,
				39E2186E6414C6583EC47792 /* Pods_Tracker_TrackerUITests.framework */,
				6B1E73B8258112509DDDFA17 /* Pods_TrackerSnapshotTests.framework */,
				5031BED779EF798B2656A465 /* Pods_TrackerTests.framework */,
			);
			name = Frameworks;
			sourceTree = "<group>";
		};
		146B3F9A394D00D9D6C10BDC /* Pods */ = {
			isa = PBXGroup;
			children = (
				20B1E6A06BB77E7FD8C5A35B /* Pods-Tracker.debug.xcconfig */,
				B0DB166195EA304C39BA777F /* Pods-Tracker.release.xcconfig */,
				8DD3296416B25AAEB446E1DA /* Pods-Tracker-TrackerUITests.debug.xcconfig */,
				ADC420EE56F83FCF9E103EB6 /* Pods-Tracker-TrackerUITests.release.xcconfig */,
				E3712DAFBD751CE7EB7F1033 /* Pods-TrackerSnapshotTests.debug.xcconfig */,
				AC268ECB7487997E8EB00027 /* Pods-TrackerSnapshotTests.release.xcconfig */,
				72BFF799A662D884BC3E89B5 /* Pods-TrackerTests.debug.xcconfig */,
				0A95CF3BEC5FA387BBAD6B18 /* Pods-TrackerTests.release.xcconfig */,
			);
			path = Pods;
			sourceTree = "<group>";
		};
		75040EF02BC846FB00D92B37 /* TrackerSnapshotTests */ = {
			isa = PBXGroup;
			children = (
				75040EF12BC846FB00D92B37 /* TrackerSnapshotTests.swift */,
			);
			path = TrackerSnapshotTests;
			sourceTree = "<group>";
		};
		751EEF2C2B9F60FF009C5614 /* Extensions */ = {
			isa = PBXGroup;
			children = (
				751EEF2D2B9F6127009C5614 /* UIViewController + hideKeyboard.swift */,
				75CD2E502BB0701300BBCF21 /* UIWindow+keyWindow.swift */,
				7537A60D2B8632760009A6B3 /* Date+Extensions.swift */,
				75040ED82BC83EC800D92B37 /* String+Localizable.swift */,
				750A94002BCEE8C500C2A04C /* UILabel+Extension.swift */,
			);
			path = Extensions;
			sourceTree = "<group>";
		};
		751EEF6C2BA5C10A009C5614 /* Components */ = {
			isa = PBXGroup;
			children = (
				751EEF6D2BA5C121009C5614 /* TextFieldWithPadding.swift */,
				75B0A35D2BC1AFBF00661272 /* TextField.swift */,
				75B0A35F2BC1B0A700661272 /* ListOfItems.swift */,
			);
			path = Components;
			sourceTree = "<group>";
		};
		7525A0692BDAE18600F1E8B5 /* Filters */ = {
			isa = PBXGroup;
			children = (
				75F98C3A2BDD437C00071E1F /* CustomTableViewCell.swift */,
				75F98C3B2BDD437C00071E1F /* FiltersViewController.swift */,
			);
			path = Filters;
			sourceTree = "<group>";
		};
		7537A5CD2B839C700009A6B3 = {
			isa = PBXGroup;
			children = (
				7537A5D82B839C700009A6B3 /* Tracker */,
				7537A5EF2B839C710009A6B3 /* TrackerTests */,
				7537A5F92B839C710009A6B3 /* TrackerUITests */,
				75040EF02BC846FB00D92B37 /* TrackerSnapshotTests */,
				7537A5D72B839C700009A6B3 /* Products */,
				146B3F9A394D00D9D6C10BDC /* Pods */,
				0B9803EB8151E8C92834C438 /* Frameworks */,
			);
			sourceTree = "<group>";
		};
		7537A5D72B839C700009A6B3 /* Products */ = {
			isa = PBXGroup;
			children = (
				7537A5D62B839C700009A6B3 /* Tracker.app */,
				7537A5EC2B839C710009A6B3 /* TrackerTests.xctest */,
				7537A5F62B839C710009A6B3 /* TrackerUITests.xctest */,
				75040EEF2BC846FB00D92B37 /* TrackerSnapshotTests.xctest */,
			);
			name = Products;
			sourceTree = "<group>";
		};
		7537A5D82B839C700009A6B3 /* Tracker */ = {
			isa = PBXGroup;
			children = (
				7537A6102B8634680009A6B3 /* App-27-April */,
				75CD2DF22BB055F100BBCF21 /* CoreData */,
				7537A60F2B8634600009A6B3 /* Modules */,
				75F05D652BD18712002E30EF /* Services */,
				751EEF6C2BA5C10A009C5614 /* Components */,
				7537A6092B839E6B0009A6B3 /* Models */,
				751EEF2C2B9F60FF009C5614 /* Extensions */,
				7537A60C2B8632660009A6B3 /* Resources */,
			);
			path = Tracker;
			sourceTree = "<group>";
		};
		7537A5EF2B839C710009A6B3 /* TrackerTests */ = {
			isa = PBXGroup;
			children = (
				7537A5F02B839C710009A6B3 /* TrackerTests.swift */,
			);
			path = TrackerTests;
			sourceTree = "<group>";
		};
		7537A5F92B839C710009A6B3 /* TrackerUITests */ = {
			isa = PBXGroup;
			children = (
				7537A5FA2B839C710009A6B3 /* TrackerUITests.swift */,
				7537A5FC2B839C710009A6B3 /* TrackerUITestsLaunchTests.swift */,
			);
			path = TrackerUITests;
			sourceTree = "<group>";
		};
		7537A6092B839E6B0009A6B3 /* Models */ = {
			isa = PBXGroup;
			children = (
				7537A60A2B839E7E0009A6B3 /* Tracker.swift */,
				75F6962C2BB5B3CD004BBE6C /* TrackerCategory.swift */,
				75F6962E2BB5B3E0004BBE6C /* TrackerRecord.swift */,
				75CD2E432BB05E2400BBCF21 /* DayOfWeek.swift */,
				75F696302BB5B411004BBE6C /* Emojis.swift */,
			);
			path = Models;
			sourceTree = "<group>";
		};
		7537A60C2B8632660009A6B3 /* Resources */ = {
			isa = PBXGroup;
			children = (
				75040EF82BC8485D00D92B37 /* Colors.swift */,
				75040EE82BC844B500D92B37 /* InfoPlist.strings */,
				75040ED62BC83CE700D92B37 /* Localizable.strings */,
				75040EDC2BC8401900D92B37 /* LaunchScreen.storyboard */,
				75040EDA2BC8401900D92B37 /* Main.storyboard */,
				7537A5E22B839C710009A6B3 /* Assets.xcassets */,
				7537A5E72B839C710009A6B3 /* Info.plist */,
			);
			path = Resources;
			sourceTree = "<group>";
		};
		7537A60F2B8634600009A6B3 /* Modules */ = {
			isa = PBXGroup;
			children = (
				75B0A34D2BC19F9E00661272 /* Onboarding */,
				7537A6192B8E1B900009A6B3 /* Trackers */,
				7525A0692BDAE18600F1E8B5 /* Filters */,
				7537A61B2B8E1BA00009A6B3 /* Create Tracker */,
				75B607F82BBB17A800A27604 /* New Habit */,
				75B0A3542BC1AE7000661272 /* Categories */,
				7537A61D2B8E1C180009A6B3 /* Schedule */,
				7537A61A2B8E1B980009A6B3 /* Statistics */,
			);
			path = Modules;
			sourceTree = "<group>";
		};
		7537A6102B8634680009A6B3 /* App-27-April */ = {
			isa = PBXGroup;
			children = (
				7537A5D92B839C700009A6B3 /* AppDelegate.swift */,
				7537A5DB2B839C700009A6B3 /* SceneDelegate.swift */,
				7537A6112B8634840009A6B3 /* TabBarController.swift */,
			);
			path = "App-27-April";
			sourceTree = "<group>";
		};
		7537A6192B8E1B900009A6B3 /* Trackers */ = {
			isa = PBXGroup;
			children = (
				7537A5DD2B839C700009A6B3 /* TrackersViewController.swift */,
				7537A6232B8E3DB10009A6B3 /* TrackersEmptyStateView.swift */,
				7537A6252B8E43FE0009A6B3 /* TrackerCell.swift */,
				7537A6272B8E44180009A6B3 /* TrackerHeader.swift */,
			);
			path = Trackers;
			sourceTree = "<group>";
		};
		7537A61A2B8E1B980009A6B3 /* Statistics */ = {
			isa = PBXGroup;
			children = (
				7537A6132B8634AF0009A6B3 /* StatisticsViewController.swift */,
				750A93FC2BCEE88D00C2A04C /* StatisticsView.swift */,
				750A93FD2BCEE88D00C2A04C /* StatisticsViewModel.swift */,
			);
			path = Statistics;
			sourceTree = "<group>";
		};
		7537A61B2B8E1BA00009A6B3 /* Create Tracker */ = {
			isa = PBXGroup;
			children = (
				7537A6152B8641CC0009A6B3 /* CreateTrackerViewController.swift */,
			);
			path = "Create Tracker";
			sourceTree = "<group>";
		};
		7537A61D2B8E1C180009A6B3 /* Schedule */ = {
			isa = PBXGroup;
			children = (
				7537A61E2B8E1CD60009A6B3 /* ScheduleViewController.swift */,
				7537A6202B8E1EE60009A6B3 /* Cells */,
			);
			path = Schedule;
			sourceTree = "<group>";
		};
		7537A6202B8E1EE60009A6B3 /* Cells */ = {
			isa = PBXGroup;
			children = (
				7537A6212B8E1EF40009A6B3 /* ScheduleCell.swift */,
			);
			path = Cells;
			sourceTree = "<group>";
		};
		75B0A34D2BC19F9E00661272 /* Onboarding */ = {
			isa = PBXGroup;
			children = (
				75B0A34F2BC19FC700661272 /* OnboardingViewController.swift */,
				75B0A34E2BC19FC700661272 /* OnboardingPageViewController.swift */,
			);
			path = Onboarding;
			sourceTree = "<group>";
		};
		75B0A3542BC1AE7000661272 /* Categories */ = {
			isa = PBXGroup;
			children = (
				75B0A3582BC1AE8D00661272 /* CategoriesViewController.swift */,
				75B0A3562BC1AE8D00661272 /* CategoriesViewModel.swift */,
				75B0A3552BC1AE8D00661272 /* CategoryCell.swift */,
				75B0A3572BC1AE8D00661272 /* SetCategoriesViewController.swift */,
			);
			path = Categories;
			sourceTree = "<group>";
		};
		75B607F82BBB17A800A27604 /* New Habit */ = {
			isa = PBXGroup;
			children = (
				75B607FD2BBB18A700A27604 /* TrackerFormViewController.swift */,
				75B608052BBB18D300A27604 /* Cells */,
				75B608002BBB18B500A27604 /* Emoji.swift */,
			);
			path = "New Habit";
			sourceTree = "<group>";
		};
		75B608052BBB18D300A27604 /* Cells */ = {
			isa = PBXGroup;
			children = (
				75B608082BBB18FA00A27604 /* EmojiContainerCell.swift */,
				75B6080C2BBB18FB00A27604 /* HabitNameCell.swift */,
				75B6080B2BBB18FB00A27604 /* HabitTypeCell.swift */,
				75B6080A2BBB18FA00A27604 /* HabitTypeContainerCell.swift */,
				75B608062BBB18F100A27604 /* ColorContainerCell.swift */,
				75B608092BBB18FA00A27604 /* CreateHabitCell.swift */,
			);
			path = Cells;
			sourceTree = "<group>";
		};
		75CD2DF22BB055F100BBCF21 /* CoreData */ = {
			isa = PBXGroup;
			children = (
				75CD2E472BB0668E00BBCF21 /* Tracker.xcdatamodeld */,
				75CD2E4A2BB0673500BBCF21 /* DaysValueTransformer.swift */,
				75CD2E4C2BB0677000BBCF21 /* UIColorValueTransformer.swift */,
				75CD2E4E2BB06EE400BBCF21 /* TrackerStore.swift */,
				75F695EA2BB5AA5F004BBE6C /* TrackerCategoryStore.swift */,
				75F695EC2BB5AA72004BBE6C /* TrackerRecordStore.swift */,
				75F6962A2BB5AC0C004BBE6C /* Store.swift */,
				75C56E882BB5C0FF0092C3AA /* ColorMarshalling.swift */,
			);
			path = CoreData;
			sourceTree = "<group>";
		};
		75F05D652BD18712002E30EF /* Services */ = {
			isa = PBXGroup;
			children = (
				75F05D662BD18724002E30EF /* AnalyticsService.swift */,
			);
			path = Services;
			sourceTree = "<group>";
		};
/* End PBXGroup section */

/* Begin PBXNativeTarget section */
		75040EEE2BC846FB00D92B37 /* TrackerSnapshotTests */ = {
			isa = PBXNativeTarget;
			buildConfigurationList = 75040EF52BC846FB00D92B37 /* Build configuration list for PBXNativeTarget "TrackerSnapshotTests" */;
			buildPhases = (
				653332ECC26D0B1D8B330553 /* [CP] Check Pods Manifest.lock */,
				75040EEB2BC846FB00D92B37 /* Sources */,
				75040EEC2BC846FB00D92B37 /* Frameworks */,
				75040EED2BC846FB00D92B37 /* Resources */,
			);
			buildRules = (
			);
			dependencies = (
				75040EF42BC846FB00D92B37 /* PBXTargetDependency */,
			);
			name = TrackerSnapshotTests;
			packageProductDependencies = (
				75040EFB2BC84EFB00D92B37 /* InlineSnapshotTesting */,
				75040EFD2BC84EFB00D92B37 /* SnapshotTesting */,
			);
			productName = TrackerSnapshotTests;
			productReference = 75040EEF2BC846FB00D92B37 /* TrackerSnapshotTests.xctest */;
			productType = "com.apple.product-type.bundle.unit-test";
		};
		7537A5D52B839C700009A6B3 /* Tracker */ = {
			isa = PBXNativeTarget;
			buildConfigurationList = 7537A6002B839C710009A6B3 /* Build configuration list for PBXNativeTarget "Tracker" */;
			buildPhases = (
				4B0A993E787520EF41B8BB4C /* [CP] Check Pods Manifest.lock */,
				7537A5D22B839C700009A6B3 /* Sources */,
				7537A5D32B839C700009A6B3 /* Frameworks */,
				7537A5D42B839C700009A6B3 /* Resources */,
				977CD304C1A56EE2C6911F91 /* [CP] Embed Pods Frameworks */,
			);
			buildRules = (
			);
			dependencies = (
			);
			name = Tracker;
			productName = Tracker;
			productReference = 7537A5D62B839C700009A6B3 /* Tracker.app */;
			productType = "com.apple.product-type.application";
		};
		7537A5EB2B839C710009A6B3 /* TrackerTests */ = {
			isa = PBXNativeTarget;
			buildConfigurationList = 7537A6032B839C710009A6B3 /* Build configuration list for PBXNativeTarget "TrackerTests" */;
			buildPhases = (
				1ED3DE9003D8FBEC47C8ECDB /* [CP] Check Pods Manifest.lock */,
				7537A5E82B839C710009A6B3 /* Sources */,
				7537A5E92B839C710009A6B3 /* Frameworks */,
				7537A5EA2B839C710009A6B3 /* Resources */,
			);
			buildRules = (
			);
			dependencies = (
				7537A5EE2B839C710009A6B3 /* PBXTargetDependency */,
			);
			name = TrackerTests;
			productName = TrackerTests;
			productReference = 7537A5EC2B839C710009A6B3 /* TrackerTests.xctest */;
			productType = "com.apple.product-type.bundle.unit-test";
		};
		7537A5F52B839C710009A6B3 /* TrackerUITests */ = {
			isa = PBXNativeTarget;
			buildConfigurationList = 7537A6062B839C710009A6B3 /* Build configuration list for PBXNativeTarget "TrackerUITests" */;
			buildPhases = (
				34393296AA862EDE40853853 /* [CP] Check Pods Manifest.lock */,
				7537A5F22B839C710009A6B3 /* Sources */,
				7537A5F32B839C710009A6B3 /* Frameworks */,
				7537A5F42B839C710009A6B3 /* Resources */,
				9EE42BB38A95320A730B1BB3 /* [CP] Embed Pods Frameworks */,
			);
			buildRules = (
			);
			dependencies = (
				7537A5F82B839C710009A6B3 /* PBXTargetDependency */,
			);
			name = TrackerUITests;
			productName = TrackerUITests;
			productReference = 7537A5F62B839C710009A6B3 /* TrackerUITests.xctest */;
			productType = "com.apple.product-type.bundle.ui-testing";
		};
/* End PBXNativeTarget section */

/* Begin PBXProject section */
		7537A5CE2B839C700009A6B3 /* Project object */ = {
			isa = PBXProject;
			attributes = {
				BuildIndependentTargetsInParallel = 1;
				LastSwiftUpdateCheck = 1520;
				LastUpgradeCheck = 1520;
				TargetAttributes = {
					75040EEE2BC846FB00D92B37 = {
						CreatedOnToolsVersion = 15.2;
						TestTargetID = 7537A5D52B839C700009A6B3;
					};
					7537A5D52B839C700009A6B3 = {
						CreatedOnToolsVersion = 15.2;
					};
					7537A5EB2B839C710009A6B3 = {
						CreatedOnToolsVersion = 15.2;
						TestTargetID = 7537A5D52B839C700009A6B3;
					};
					7537A5F52B839C710009A6B3 = {
						CreatedOnToolsVersion = 15.2;
						TestTargetID = 7537A5D52B839C700009A6B3;
					};
				};
			};
			buildConfigurationList = 7537A5D12B839C700009A6B3 /* Build configuration list for PBXProject "Tracker" */;
			compatibilityVersion = "Xcode 14.0";
			developmentRegion = ru;
			hasScannedForEncodings = 0;
			knownRegions = (
				en,
				Base,
				ru,
			);
			mainGroup = 7537A5CD2B839C700009A6B3;
			packageReferences = (
				75040EFA2BC84EFB00D92B37 /* XCRemoteSwiftPackageReference "swift-snapshot-testing" */,
			);
			productRefGroup = 7537A5D72B839C700009A6B3 /* Products */;
			projectDirPath = "";
			projectRoot = "";
			targets = (
				7537A5D52B839C700009A6B3 /* Tracker */,
				7537A5EB2B839C710009A6B3 /* TrackerTests */,
				7537A5F52B839C710009A6B3 /* TrackerUITests */,
				75040EEE2BC846FB00D92B37 /* TrackerSnapshotTests */,
			);
		};
/* End PBXProject section */

/* Begin PBXResourcesBuildPhase section */
		75040EED2BC846FB00D92B37 /* Resources */ = {
			isa = PBXResourcesBuildPhase;
			buildActionMask = 2147483647;
			files = (
			);
			runOnlyForDeploymentPostprocessing = 0;
		};
		7537A5D42B839C700009A6B3 /* Resources */ = {
			isa = PBXResourcesBuildPhase;
			buildActionMask = 2147483647;
			files = (
				75040EDF2BC8401900D92B37 /* Main.storyboard in Resources */,
				7537A5E32B839C710009A6B3 /* Assets.xcassets in Resources */,
				75040EE12BC8401900D92B37 /* LaunchScreen.storyboard in Resources */,
				75040ED42BC83CE700D92B37 /* Localizable.strings in Resources */,
				75040EE62BC844B500D92B37 /* InfoPlist.strings in Resources */,
			);
			runOnlyForDeploymentPostprocessing = 0;
		};
		7537A5EA2B839C710009A6B3 /* Resources */ = {
			isa = PBXResourcesBuildPhase;
			buildActionMask = 2147483647;
			files = (
			);
			runOnlyForDeploymentPostprocessing = 0;
		};
		7537A5F42B839C710009A6B3 /* Resources */ = {
			isa = PBXResourcesBuildPhase;
			buildActionMask = 2147483647;
			files = (
			);
			runOnlyForDeploymentPostprocessing = 0;
		};
/* End PBXResourcesBuildPhase section */

/* Begin PBXShellScriptBuildPhase section */
		1ED3DE9003D8FBEC47C8ECDB /* [CP] Check Pods Manifest.lock */ = {
			isa = PBXShellScriptBuildPhase;
			buildActionMask = 2147483647;
			files = (
			);
			inputFileListPaths = (
			);
			inputPaths = (
				"${PODS_PODFILE_DIR_PATH}/Podfile.lock",
				"${PODS_ROOT}/Manifest.lock",
			);
			name = "[CP] Check Pods Manifest.lock";
			outputFileListPaths = (
			);
			outputPaths = (
				"$(DERIVED_FILE_DIR)/Pods-TrackerTests-checkManifestLockResult.txt",
			);
			runOnlyForDeploymentPostprocessing = 0;
			shellPath = /bin/sh;
			shellScript = "diff \"${PODS_PODFILE_DIR_PATH}/Podfile.lock\" \"${PODS_ROOT}/Manifest.lock\" > /dev/null\nif [ $? != 0 ] ; then\n    # print error to STDERR\n    echo \"error: The sandbox is not in sync with the Podfile.lock. Run 'pod install' or update your CocoaPods installation.\" >&2\n    exit 1\nfi\n# This output is used by Xcode 'outputs' to avoid re-running this script phase.\necho \"SUCCESS\" > \"${SCRIPT_OUTPUT_FILE_0}\"\n";
			showEnvVarsInLog = 0;
		};
		34393296AA862EDE40853853 /* [CP] Check Pods Manifest.lock */ = {
			isa = PBXShellScriptBuildPhase;
			buildActionMask = 2147483647;
			files = (
			);
			inputFileListPaths = (
			);
			inputPaths = (
				"${PODS_PODFILE_DIR_PATH}/Podfile.lock",
				"${PODS_ROOT}/Manifest.lock",
			);
			name = "[CP] Check Pods Manifest.lock";
			outputFileListPaths = (
			);
			outputPaths = (
				"$(DERIVED_FILE_DIR)/Pods-Tracker-TrackerUITests-checkManifestLockResult.txt",
			);
			runOnlyForDeploymentPostprocessing = 0;
			shellPath = /bin/sh;
			shellScript = "diff \"${PODS_PODFILE_DIR_PATH}/Podfile.lock\" \"${PODS_ROOT}/Manifest.lock\" > /dev/null\nif [ $? != 0 ] ; then\n    # print error to STDERR\n    echo \"error: The sandbox is not in sync with the Podfile.lock. Run 'pod install' or update your CocoaPods installation.\" >&2\n    exit 1\nfi\n# This output is used by Xcode 'outputs' to avoid re-running this script phase.\necho \"SUCCESS\" > \"${SCRIPT_OUTPUT_FILE_0}\"\n";
			showEnvVarsInLog = 0;
		};
		4B0A993E787520EF41B8BB4C /* [CP] Check Pods Manifest.lock */ = {
			isa = PBXShellScriptBuildPhase;
			buildActionMask = 2147483647;
			files = (
			);
			inputFileListPaths = (
			);
			inputPaths = (
				"${PODS_PODFILE_DIR_PATH}/Podfile.lock",
				"${PODS_ROOT}/Manifest.lock",
			);
			name = "[CP] Check Pods Manifest.lock";
			outputFileListPaths = (
			);
			outputPaths = (
				"$(DERIVED_FILE_DIR)/Pods-Tracker-checkManifestLockResult.txt",
			);
			runOnlyForDeploymentPostprocessing = 0;
			shellPath = /bin/sh;
			shellScript = "diff \"${PODS_PODFILE_DIR_PATH}/Podfile.lock\" \"${PODS_ROOT}/Manifest.lock\" > /dev/null\nif [ $? != 0 ] ; then\n    # print error to STDERR\n    echo \"error: The sandbox is not in sync with the Podfile.lock. Run 'pod install' or update your CocoaPods installation.\" >&2\n    exit 1\nfi\n# This output is used by Xcode 'outputs' to avoid re-running this script phase.\necho \"SUCCESS\" > \"${SCRIPT_OUTPUT_FILE_0}\"\n";
			showEnvVarsInLog = 0;
		};
		653332ECC26D0B1D8B330553 /* [CP] Check Pods Manifest.lock */ = {
			isa = PBXShellScriptBuildPhase;
			buildActionMask = 2147483647;
			files = (
			);
			inputFileListPaths = (
			);
			inputPaths = (
				"${PODS_PODFILE_DIR_PATH}/Podfile.lock",
				"${PODS_ROOT}/Manifest.lock",
			);
			name = "[CP] Check Pods Manifest.lock";
			outputFileListPaths = (
			);
			outputPaths = (
				"$(DERIVED_FILE_DIR)/Pods-TrackerSnapshotTests-checkManifestLockResult.txt",
			);
			runOnlyForDeploymentPostprocessing = 0;
			shellPath = /bin/sh;
			shellScript = "diff \"${PODS_PODFILE_DIR_PATH}/Podfile.lock\" \"${PODS_ROOT}/Manifest.lock\" > /dev/null\nif [ $? != 0 ] ; then\n    # print error to STDERR\n    echo \"error: The sandbox is not in sync with the Podfile.lock. Run 'pod install' or update your CocoaPods installation.\" >&2\n    exit 1\nfi\n# This output is used by Xcode 'outputs' to avoid re-running this script phase.\necho \"SUCCESS\" > \"${SCRIPT_OUTPUT_FILE_0}\"\n";
			showEnvVarsInLog = 0;
		};
		977CD304C1A56EE2C6911F91 /* [CP] Embed Pods Frameworks */ = {
			isa = PBXShellScriptBuildPhase;
			buildActionMask = 2147483647;
			files = (
			);
			inputFileListPaths = (
				"${PODS_ROOT}/Target Support Files/Pods-Tracker/Pods-Tracker-frameworks-${CONFIGURATION}-input-files.xcfilelist",
			);
			name = "[CP] Embed Pods Frameworks";
			outputFileListPaths = (
				"${PODS_ROOT}/Target Support Files/Pods-Tracker/Pods-Tracker-frameworks-${CONFIGURATION}-output-files.xcfilelist",
			);
			runOnlyForDeploymentPostprocessing = 0;
			shellPath = /bin/sh;
			shellScript = "\"${PODS_ROOT}/Target Support Files/Pods-Tracker/Pods-Tracker-frameworks.sh\"\n";
			showEnvVarsInLog = 0;
		};
		9EE42BB38A95320A730B1BB3 /* [CP] Embed Pods Frameworks */ = {
			isa = PBXShellScriptBuildPhase;
			buildActionMask = 2147483647;
			files = (
			);
			inputFileListPaths = (
				"${PODS_ROOT}/Target Support Files/Pods-Tracker-TrackerUITests/Pods-Tracker-TrackerUITests-frameworks-${CONFIGURATION}-input-files.xcfilelist",
			);
			name = "[CP] Embed Pods Frameworks";
			outputFileListPaths = (
				"${PODS_ROOT}/Target Support Files/Pods-Tracker-TrackerUITests/Pods-Tracker-TrackerUITests-frameworks-${CONFIGURATION}-output-files.xcfilelist",
			);
			runOnlyForDeploymentPostprocessing = 0;
			shellPath = /bin/sh;
			shellScript = "\"${PODS_ROOT}/Target Support Files/Pods-Tracker-TrackerUITests/Pods-Tracker-TrackerUITests-frameworks.sh\"\n";
			showEnvVarsInLog = 0;
		};
/* End PBXShellScriptBuildPhase section */

/* Begin PBXSourcesBuildPhase section */
		75040EEB2BC846FB00D92B37 /* Sources */ = {
			isa = PBXSourcesBuildPhase;
			buildActionMask = 2147483647;
			files = (
				75040EF22BC846FB00D92B37 /* TrackerSnapshotTests.swift in Sources */,
			);
			runOnlyForDeploymentPostprocessing = 0;
		};
		7537A5D22B839C700009A6B3 /* Sources */ = {
			isa = PBXSourcesBuildPhase;
			buildActionMask = 2147483647;
			files = (
				75B6080D2BBB18FB00A27604 /* EmojiContainerCell.swift in Sources */,
				7537A60B2B839E7E0009A6B3 /* Tracker.swift in Sources */,
				7537A6282B8E44180009A6B3 /* TrackerHeader.swift in Sources */,
				750A94012BCEE8C500C2A04C /* UILabel+Extension.swift in Sources */,
				75C56E892BB5C0FF0092C3AA /* ColorMarshalling.swift in Sources */,
				75CD2E4F2BB06EE400BBCF21 /* TrackerStore.swift in Sources */,
				75B608022BBB18B500A27604 /* Emoji.swift in Sources */,
				75B6080E2BBB18FB00A27604 /* CreateHabitCell.swift in Sources */,
				75F6962B2BB5AC0C004BBE6C /* Store.swift in Sources */,
				75F98C3C2BDD437C00071E1F /* CustomTableViewCell.swift in Sources */,
				7537A6262B8E43FE0009A6B3 /* TrackerCell.swift in Sources */,
				75B607FE2BBB18A700A27604 /* TrackerFormViewController.swift in Sources */,
				75040EF92BC8485D00D92B37 /* Colors.swift in Sources */,
				750A93FF2BCEE88D00C2A04C /* StatisticsViewModel.swift in Sources */,
				7537A6162B8641CC0009A6B3 /* CreateTrackerViewController.swift in Sources */,
				75F05D672BD18724002E30EF /* AnalyticsService.swift in Sources */,
				75F6962D2BB5B3CD004BBE6C /* TrackerCategory.swift in Sources */,
				75F695ED2BB5AA72004BBE6C /* TrackerRecordStore.swift in Sources */,
				75F98C3D2BDD437C00071E1F /* FiltersViewController.swift in Sources */,
				75B0A3512BC19FC700661272 /* OnboardingViewController.swift in Sources */,
				75CD2E512BB0701300BBCF21 /* UIWindow+keyWindow.swift in Sources */,
				75B0A3602BC1B0A700661272 /* ListOfItems.swift in Sources */,
				75CD2E492BB0668E00BBCF21 /* Tracker.xcdatamodeld in Sources */,
				75CD2E4D2BB0677000BBCF21 /* UIColorValueTransformer.swift in Sources */,
				75B0A3592BC1AE8D00661272 /* CategoryCell.swift in Sources */,
				75B608102BBB18FB00A27604 /* HabitTypeCell.swift in Sources */,
				75F696312BB5B411004BBE6C /* Emojis.swift in Sources */,
				7537A60E2B8632760009A6B3 /* Date+Extensions.swift in Sources */,
				751EEF6E2BA5C121009C5614 /* TextFieldWithPadding.swift in Sources */,
				75040ED92BC83EC800D92B37 /* String+Localizable.swift in Sources */,
				75B0A3502BC19FC700661272 /* OnboardingPageViewController.swift in Sources */,
				75B6080F2BBB18FB00A27604 /* HabitTypeContainerCell.swift in Sources */,
				75CD2E4B2BB0673500BBCF21 /* DaysValueTransformer.swift in Sources */,
				750A93FE2BCEE88D00C2A04C /* StatisticsView.swift in Sources */,
				7537A5DE2B839C700009A6B3 /* TrackersViewController.swift in Sources */,
				75B0A35B2BC1AE8D00661272 /* SetCategoriesViewController.swift in Sources */,
				75B608112BBB18FB00A27604 /* HabitNameCell.swift in Sources */,
				75F6962F2BB5B3E0004BBE6C /* TrackerRecord.swift in Sources */,
				7537A61F2B8E1CD60009A6B3 /* ScheduleViewController.swift in Sources */,
				75F695EB2BB5AA5F004BBE6C /* TrackerCategoryStore.swift in Sources */,
				7537A6122B8634840009A6B3 /* TabBarController.swift in Sources */,
				75B0A35E2BC1AFBF00661272 /* TextField.swift in Sources */,
				7537A5DA2B839C700009A6B3 /* AppDelegate.swift in Sources */,
				75B0A35C2BC1AE8D00661272 /* CategoriesViewController.swift in Sources */,
				75B0A35A2BC1AE8D00661272 /* CategoriesViewModel.swift in Sources */,
				75CD2E442BB05E2400BBCF21 /* DayOfWeek.swift in Sources */,
				751EEF2E2B9F6127009C5614 /* UIViewController + hideKeyboard.swift in Sources */,
				7537A5DC2B839C700009A6B3 /* SceneDelegate.swift in Sources */,
				7537A6242B8E3DB10009A6B3 /* TrackersEmptyStateView.swift in Sources */,
				75B608072BBB18F100A27604 /* ColorContainerCell.swift in Sources */,
				7537A6222B8E1EF40009A6B3 /* ScheduleCell.swift in Sources */,
				7537A6142B8634AF0009A6B3 /* StatisticsViewController.swift in Sources */,
			);
			runOnlyForDeploymentPostprocessing = 0;
		};
		7537A5E82B839C710009A6B3 /* Sources */ = {
			isa = PBXSourcesBuildPhase;
			buildActionMask = 2147483647;
			files = (
				7537A5F12B839C710009A6B3 /* TrackerTests.swift in Sources */,
			);
			runOnlyForDeploymentPostprocessing = 0;
		};
		7537A5F22B839C710009A6B3 /* Sources */ = {
			isa = PBXSourcesBuildPhase;
			buildActionMask = 2147483647;
			files = (
				7537A5FB2B839C710009A6B3 /* TrackerUITests.swift in Sources */,
				7537A5FD2B839C710009A6B3 /* TrackerUITestsLaunchTests.swift in Sources */,
			);
			runOnlyForDeploymentPostprocessing = 0;
		};
/* End PBXSourcesBuildPhase section */

/* Begin PBXTargetDependency section */
		75040EF42BC846FB00D92B37 /* PBXTargetDependency */ = {
			isa = PBXTargetDependency;
			target = 7537A5D52B839C700009A6B3 /* Tracker */;
			targetProxy = 75040EF32BC846FB00D92B37 /* PBXContainerItemProxy */;
		};
		7537A5EE2B839C710009A6B3 /* PBXTargetDependency */ = {
			isa = PBXTargetDependency;
			target = 7537A5D52B839C700009A6B3 /* Tracker */;
			targetProxy = 7537A5ED2B839C710009A6B3 /* PBXContainerItemProxy */;
		};
		7537A5F82B839C710009A6B3 /* PBXTargetDependency */ = {
			isa = PBXTargetDependency;
			target = 7537A5D52B839C700009A6B3 /* Tracker */;
			targetProxy = 7537A5F72B839C710009A6B3 /* PBXContainerItemProxy */;
		};
/* End PBXTargetDependency section */

/* Begin PBXVariantGroup section */
		75040ED62BC83CE700D92B37 /* Localizable.strings */ = {
			isa = PBXVariantGroup;
			children = (
				75040ED52BC83CE700D92B37 /* ru */,
				75040ED72BC83CEA00D92B37 /* en */,
			);
			name = Localizable.strings;
			sourceTree = "<group>";
		};
		75040EE82BC844B500D92B37 /* InfoPlist.strings */ = {
			isa = PBXVariantGroup;
			children = (
				75040EE72BC844B500D92B37 /* ru */,
				75040EE92BC844BC00D92B37 /* en */,
			);
			name = InfoPlist.strings;
			sourceTree = "<group>";
		};
/* End PBXVariantGroup section */

/* Begin XCBuildConfiguration section */
		75040EF62BC846FB00D92B37 /* Debug */ = {
			isa = XCBuildConfiguration;
			baseConfigurationReference = E3712DAFBD751CE7EB7F1033 /* Pods-TrackerSnapshotTests.debug.xcconfig */;
			buildSettings = {
				BUNDLE_LOADER = "$(TEST_HOST)";
				CODE_SIGN_STYLE = Automatic;
				CURRENT_PROJECT_VERSION = 1;
				GENERATE_INFOPLIST_FILE = YES;
				MARKETING_VERSION = 1.0;
				PRODUCT_BUNDLE_IDENTIFIER = com..TrackerSnapshotTests;
				PRODUCT_NAME = "$(TARGET_NAME)";
				SWIFT_EMIT_LOC_STRINGS = NO;
				SWIFT_VERSION = 5.0;
				TARGETED_DEVICE_FAMILY = "1,2";
				TEST_HOST = "$(BUILT_PRODUCTS_DIR)/Tracker.app/$(BUNDLE_EXECUTABLE_FOLDER_PATH)/Tracker";
			};
			name = Debug;
		};
		75040EF72BC846FB00D92B37 /* Release */ = {
			isa = XCBuildConfiguration;
			baseConfigurationReference = AC268ECB7487997E8EB00027 /* Pods-TrackerSnapshotTests.release.xcconfig */;
			buildSettings = {
				BUNDLE_LOADER = "$(TEST_HOST)";
				CODE_SIGN_STYLE = Automatic;
				CURRENT_PROJECT_VERSION = 1;
				GENERATE_INFOPLIST_FILE = YES;
				MARKETING_VERSION = 1.0;
				PRODUCT_BUNDLE_IDENTIFIER = com..TrackerSnapshotTests;
				PRODUCT_NAME = "$(TARGET_NAME)";
				SWIFT_EMIT_LOC_STRINGS = NO;
				SWIFT_VERSION = 5.0;
				TARGETED_DEVICE_FAMILY = "1,2";
				TEST_HOST = "$(BUILT_PRODUCTS_DIR)/Tracker.app/$(BUNDLE_EXECUTABLE_FOLDER_PATH)/Tracker";
			};
			name = Release;
		};
		7537A5FE2B839C710009A6B3 /* Debug */ = {
			isa = XCBuildConfiguration;
			buildSettings = {
				ALWAYS_SEARCH_USER_PATHS = NO;
				ASSETCATALOG_COMPILER_GENERATE_SWIFT_ASSET_SYMBOL_EXTENSIONS = YES;
				CLANG_ANALYZER_LOCALIZABILITY_NONLOCALIZED = YES;
				CLANG_ANALYZER_NONNULL = YES;
				CLANG_ANALYZER_NUMBER_OBJECT_CONVERSION = YES_AGGRESSIVE;
				CLANG_CXX_LANGUAGE_STANDARD = "gnu++20";
				CLANG_ENABLE_MODULES = YES;
				CLANG_ENABLE_OBJC_ARC = YES;
				CLANG_ENABLE_OBJC_WEAK = YES;
				CLANG_WARN_BLOCK_CAPTURE_AUTORELEASING = YES;
				CLANG_WARN_BOOL_CONVERSION = YES;
				CLANG_WARN_COMMA = YES;
				CLANG_WARN_CONSTANT_CONVERSION = YES;
				CLANG_WARN_DEPRECATED_OBJC_IMPLEMENTATIONS = YES;
				CLANG_WARN_DIRECT_OBJC_ISA_USAGE = YES_ERROR;
				CLANG_WARN_DOCUMENTATION_COMMENTS = YES;
				CLANG_WARN_EMPTY_BODY = YES;
				CLANG_WARN_ENUM_CONVERSION = YES;
				CLANG_WARN_INFINITE_RECURSION = YES;
				CLANG_WARN_INT_CONVERSION = YES;
				CLANG_WARN_NON_LITERAL_NULL_CONVERSION = YES;
				CLANG_WARN_OBJC_IMPLICIT_RETAIN_SELF = YES;
				CLANG_WARN_OBJC_LITERAL_CONVERSION = YES;
				CLANG_WARN_OBJC_ROOT_CLASS = YES_ERROR;
				CLANG_WARN_QUOTED_INCLUDE_IN_FRAMEWORK_HEADER = YES;
				CLANG_WARN_RANGE_LOOP_ANALYSIS = YES;
				CLANG_WARN_STRICT_PROTOTYPES = YES;
				CLANG_WARN_SUSPICIOUS_MOVE = YES;
				CLANG_WARN_UNGUARDED_AVAILABILITY = YES_AGGRESSIVE;
				CLANG_WARN_UNREACHABLE_CODE = YES;
				CLANG_WARN__DUPLICATE_METHOD_MATCH = YES;
				COPY_PHASE_STRIP = NO;
				DEBUG_INFORMATION_FORMAT = dwarf;
				ENABLE_STRICT_OBJC_MSGSEND = YES;
				ENABLE_TESTABILITY = YES;
				ENABLE_USER_SCRIPT_SANDBOXING = NO;
				GCC_C_LANGUAGE_STANDARD = gnu17;
				GCC_DYNAMIC_NO_PIC = NO;
				GCC_NO_COMMON_BLOCKS = YES;
				GCC_OPTIMIZATION_LEVEL = 0;
				GCC_PREPROCESSOR_DEFINITIONS = (
					"DEBUG=1",
					"$(inherited)",
				);
				GCC_WARN_64_TO_32_BIT_CONVERSION = YES;
				GCC_WARN_ABOUT_RETURN_TYPE = YES_ERROR;
				GCC_WARN_UNDECLARED_SELECTOR = YES;
				GCC_WARN_UNINITIALIZED_AUTOS = YES_AGGRESSIVE;
				GCC_WARN_UNUSED_FUNCTION = YES;
				GCC_WARN_UNUSED_VARIABLE = YES;
				IPHONEOS_DEPLOYMENT_TARGET = 17.2;
				LOCALIZATION_PREFERS_STRING_CATALOGS = YES;
				MTL_ENABLE_DEBUG_INFO = INCLUDE_SOURCE;
				MTL_FAST_MATH = YES;
				ONLY_ACTIVE_ARCH = YES;
				SDKROOT = iphoneos;
				SWIFT_ACTIVE_COMPILATION_CONDITIONS = "DEBUG $(inherited)";
				SWIFT_OPTIMIZATION_LEVEL = "-Onone";
			};
			name = Debug;
		};
		7537A5FF2B839C710009A6B3 /* Release */ = {
			isa = XCBuildConfiguration;
			buildSettings = {
				ALWAYS_SEARCH_USER_PATHS = NO;
				ASSETCATALOG_COMPILER_GENERATE_SWIFT_ASSET_SYMBOL_EXTENSIONS = YES;
				CLANG_ANALYZER_LOCALIZABILITY_NONLOCALIZED = YES;
				CLANG_ANALYZER_NONNULL = YES;
				CLANG_ANALYZER_NUMBER_OBJECT_CONVERSION = YES_AGGRESSIVE;
				CLANG_CXX_LANGUAGE_STANDARD = "gnu++20";
				CLANG_ENABLE_MODULES = YES;
				CLANG_ENABLE_OBJC_ARC = YES;
				CLANG_ENABLE_OBJC_WEAK = YES;
				CLANG_WARN_BLOCK_CAPTURE_AUTORELEASING = YES;
				CLANG_WARN_BOOL_CONVERSION = YES;
				CLANG_WARN_COMMA = YES;
				CLANG_WARN_CONSTANT_CONVERSION = YES;
				CLANG_WARN_DEPRECATED_OBJC_IMPLEMENTATIONS = YES;
				CLANG_WARN_DIRECT_OBJC_ISA_USAGE = YES_ERROR;
				CLANG_WARN_DOCUMENTATION_COMMENTS = YES;
				CLANG_WARN_EMPTY_BODY = YES;
				CLANG_WARN_ENUM_CONVERSION = YES;
				CLANG_WARN_INFINITE_RECURSION = YES;
				CLANG_WARN_INT_CONVERSION = YES;
				CLANG_WARN_NON_LITERAL_NULL_CONVERSION = YES;
				CLANG_WARN_OBJC_IMPLICIT_RETAIN_SELF = YES;
				CLANG_WARN_OBJC_LITERAL_CONVERSION = YES;
				CLANG_WARN_OBJC_ROOT_CLASS = YES_ERROR;
				CLANG_WARN_QUOTED_INCLUDE_IN_FRAMEWORK_HEADER = YES;
				CLANG_WARN_RANGE_LOOP_ANALYSIS = YES;
				CLANG_WARN_STRICT_PROTOTYPES = YES;
				CLANG_WARN_SUSPICIOUS_MOVE = YES;
				CLANG_WARN_UNGUARDED_AVAILABILITY = YES_AGGRESSIVE;
				CLANG_WARN_UNREACHABLE_CODE = YES;
				CLANG_WARN__DUPLICATE_METHOD_MATCH = YES;
				COPY_PHASE_STRIP = NO;
				DEBUG_INFORMATION_FORMAT = "dwarf-with-dsym";
				ENABLE_NS_ASSERTIONS = NO;
				ENABLE_STRICT_OBJC_MSGSEND = YES;
				ENABLE_USER_SCRIPT_SANDBOXING = NO;
				GCC_C_LANGUAGE_STANDARD = gnu17;
				GCC_NO_COMMON_BLOCKS = YES;
				GCC_WARN_64_TO_32_BIT_CONVERSION = YES;
				GCC_WARN_ABOUT_RETURN_TYPE = YES_ERROR;
				GCC_WARN_UNDECLARED_SELECTOR = YES;
				GCC_WARN_UNINITIALIZED_AUTOS = YES_AGGRESSIVE;
				GCC_WARN_UNUSED_FUNCTION = YES;
				GCC_WARN_UNUSED_VARIABLE = YES;
				IPHONEOS_DEPLOYMENT_TARGET = 17.2;
				LOCALIZATION_PREFERS_STRING_CATALOGS = YES;
				MTL_ENABLE_DEBUG_INFO = NO;
				MTL_FAST_MATH = YES;
				SDKROOT = iphoneos;
				SWIFT_COMPILATION_MODE = wholemodule;
				VALIDATE_PRODUCT = YES;
			};
			name = Release;
		};
		7537A6012B839C710009A6B3 /* Debug */ = {
			isa = XCBuildConfiguration;
			baseConfigurationReference = 20B1E6A06BB77E7FD8C5A35B /* Pods-Tracker.debug.xcconfig */;
			buildSettings = {
				ASSETCATALOG_COMPILER_APPICON_NAME = AppIcon;
				ASSETCATALOG_COMPILER_GLOBAL_ACCENT_COLOR_NAME = AccentColor;
				CODE_SIGN_STYLE = Manual;
				CURRENT_PROJECT_VERSION = 3;
				DEVELOPMENT_TEAM = "";
				GENERATE_INFOPLIST_FILE = YES;
				INFOPLIST_FILE = Tracker/Resources/Info.plist;
				INFOPLIST_KEY_UIApplicationSupportsIndirectInputEvents = YES;
				INFOPLIST_KEY_UILaunchStoryboardName = LaunchScreen;
				INFOPLIST_KEY_UIMainStoryboardFile = Main;
				INFOPLIST_KEY_UISupportedInterfaceOrientations_iPad = "UIInterfaceOrientationPortrait UIInterfaceOrientationPortraitUpsideDown UIInterfaceOrientationLandscapeLeft UIInterfaceOrientationLandscapeRight";
				INFOPLIST_KEY_UISupportedInterfaceOrientations_iPhone = "UIInterfaceOrientationPortrait UIInterfaceOrientationLandscapeLeft UIInterfaceOrientationLandscapeRight";
				IPHONEOS_DEPLOYMENT_TARGET = 13.4;
				LD_RUNPATH_SEARCH_PATHS = (
					"$(inherited)",
					"@executable_path/Frameworks",
				);
				MARKETING_VERSION = 1.0;
				PRODUCT_BUNDLE_IDENTIFIER = com..Tracker;
				PRODUCT_NAME = "$(TARGET_NAME)";
				PROVISIONING_PROFILE_SPECIFIER = "";
				SWIFT_EMIT_LOC_STRINGS = YES;
				SWIFT_VERSION = 5.0;
				TARGETED_DEVICE_FAMILY = "1,2";
			};
			name = Debug;
		};
		7537A6022B839C710009A6B3 /* Release */ = {
			isa = XCBuildConfiguration;
			baseConfigurationReference = B0DB166195EA304C39BA777F /* Pods-Tracker.release.xcconfig */;
			buildSettings = {
				ASSETCATALOG_COMPILER_APPICON_NAME = AppIcon;
				ASSETCATALOG_COMPILER_GLOBAL_ACCENT_COLOR_NAME = AccentColor;
				CODE_SIGN_STYLE = Manual;
				CURRENT_PROJECT_VERSION = 3;
				DEVELOPMENT_TEAM = "";
				GENERATE_INFOPLIST_FILE = YES;
				INFOPLIST_FILE = Tracker/Resources/Info.plist;
				INFOPLIST_KEY_UIApplicationSupportsIndirectInputEvents = YES;
				INFOPLIST_KEY_UILaunchStoryboardName = LaunchScreen;
				INFOPLIST_KEY_UIMainStoryboardFile = Main;
				INFOPLIST_KEY_UISupportedInterfaceOrientations_iPad = "UIInterfaceOrientationPortrait UIInterfaceOrientationPortraitUpsideDown UIInterfaceOrientationLandscapeLeft UIInterfaceOrientationLandscapeRight";
				INFOPLIST_KEY_UISupportedInterfaceOrientations_iPhone = "UIInterfaceOrientationPortrait UIInterfaceOrientationLandscapeLeft UIInterfaceOrientationLandscapeRight";
				IPHONEOS_DEPLOYMENT_TARGET = 13.4;
				LD_RUNPATH_SEARCH_PATHS = (
					"$(inherited)",
					"@executable_path/Frameworks",
				);
				MARKETING_VERSION = 1.0;
				PRODUCT_BUNDLE_IDENTIFIER = "com..Tracker-27";
				PRODUCT_NAME = "$(TARGET_NAME)";
				PROVISIONING_PROFILE_SPECIFIER = "";
				SWIFT_EMIT_LOC_STRINGS = YES;
				SWIFT_VERSION = 5.0;
				TARGETED_DEVICE_FAMILY = "1,2";
			};
			name = Release;
		};
		7537A6042B839C710009A6B3 /* Debug */ = {
			isa = XCBuildConfiguration;
			baseConfigurationReference = 72BFF799A662D884BC3E89B5 /* Pods-TrackerTests.debug.xcconfig */;
			buildSettings = {
				ALWAYS_EMBED_SWIFT_STANDARD_LIBRARIES = YES;
				BUNDLE_LOADER = "$(TEST_HOST)";
				CODE_SIGN_STYLE = Automatic;
				CURRENT_PROJECT_VERSION = 1;
				GENERATE_INFOPLIST_FILE = YES;
				IPHONEOS_DEPLOYMENT_TARGET = 17.2;
				MARKETING_VERSION = 1.0;
				PRODUCT_BUNDLE_IDENTIFIER = com..TrackerTests;
				PRODUCT_NAME = "$(TARGET_NAME)";
				SWIFT_EMIT_LOC_STRINGS = NO;
				SWIFT_VERSION = 5.0;
				TARGETED_DEVICE_FAMILY = "1,2";
				TEST_HOST = "$(BUILT_PRODUCTS_DIR)/Tracker.app/$(BUNDLE_EXECUTABLE_FOLDER_PATH)/Tracker";
			};
			name = Debug;
		};
		7537A6052B839C710009A6B3 /* Release */ = {
			isa = XCBuildConfiguration;
			baseConfigurationReference = 0A95CF3BEC5FA387BBAD6B18 /* Pods-TrackerTests.release.xcconfig */;
			buildSettings = {
				ALWAYS_EMBED_SWIFT_STANDARD_LIBRARIES = YES;
				BUNDLE_LOADER = "$(TEST_HOST)";
				CODE_SIGN_STYLE = Automatic;
				CURRENT_PROJECT_VERSION = 1;
				GENERATE_INFOPLIST_FILE = YES;
				IPHONEOS_DEPLOYMENT_TARGET = 17.2;
				MARKETING_VERSION = 1.0;
				PRODUCT_BUNDLE_IDENTIFIER = com..TrackerTests;
				PRODUCT_NAME = "$(TARGET_NAME)";
				SWIFT_EMIT_LOC_STRINGS = NO;
				SWIFT_VERSION = 5.0;
				TARGETED_DEVICE_FAMILY = "1,2";
				TEST_HOST = "$(BUILT_PRODUCTS_DIR)/Tracker.app/$(BUNDLE_EXECUTABLE_FOLDER_PATH)/Tracker";
			};
			name = Release;
		};
		7537A6072B839C710009A6B3 /* Debug */ = {
			isa = XCBuildConfiguration;
			baseConfigurationReference = 8DD3296416B25AAEB446E1DA /* Pods-Tracker-TrackerUITests.debug.xcconfig */;
			buildSettings = {
				ALWAYS_EMBED_SWIFT_STANDARD_LIBRARIES = YES;
				CODE_SIGN_STYLE = Automatic;
				CURRENT_PROJECT_VERSION = 1;
				GENERATE_INFOPLIST_FILE = YES;
				MARKETING_VERSION = 1.0;
				PRODUCT_BUNDLE_IDENTIFIER = com..TrackerUITests;
				PRODUCT_NAME = "$(TARGET_NAME)";
				SWIFT_EMIT_LOC_STRINGS = NO;
				SWIFT_VERSION = 5.0;
				TARGETED_DEVICE_FAMILY = "1,2";
				TEST_TARGET_NAME = Tracker;
			};
			name = Debug;
		};
		7537A6082B839C710009A6B3 /* Release */ = {
			isa = XCBuildConfiguration;
			baseConfigurationReference = ADC420EE56F83FCF9E103EB6 /* Pods-Tracker-TrackerUITests.release.xcconfig */;
			buildSettings = {
				ALWAYS_EMBED_SWIFT_STANDARD_LIBRARIES = YES;
				CODE_SIGN_STYLE = Automatic;
				CURRENT_PROJECT_VERSION = 1;
				GENERATE_INFOPLIST_FILE = YES;
				MARKETING_VERSION = 1.0;
				PRODUCT_BUNDLE_IDENTIFIER = com..TrackerUITests;
				PRODUCT_NAME = "$(TARGET_NAME)";
				SWIFT_EMIT_LOC_STRINGS = NO;
				SWIFT_VERSION = 5.0;
				TARGETED_DEVICE_FAMILY = "1,2";
				TEST_TARGET_NAME = Tracker;
			};
			name = Release;
		};
/* End XCBuildConfiguration section */

/* Begin XCConfigurationList section */
		75040EF52BC846FB00D92B37 /* Build configuration list for PBXNativeTarget "TrackerSnapshotTests" */ = {
			isa = XCConfigurationList;
			buildConfigurations = (
				75040EF62BC846FB00D92B37 /* Debug */,
				75040EF72BC846FB00D92B37 /* Release */,
			);
			defaultConfigurationIsVisible = 0;
			defaultConfigurationName = Release;
		};
		7537A5D12B839C700009A6B3 /* Build configuration list for PBXProject "Tracker" */ = {
			isa = XCConfigurationList;
			buildConfigurations = (
				7537A5FE2B839C710009A6B3 /* Debug */,
				7537A5FF2B839C710009A6B3 /* Release */,
			);
			defaultConfigurationIsVisible = 0;
			defaultConfigurationName = Release;
		};
		7537A6002B839C710009A6B3 /* Build configuration list for PBXNativeTarget "Tracker" */ = {
			isa = XCConfigurationList;
			buildConfigurations = (
				7537A6012B839C710009A6B3 /* Debug */,
				7537A6022B839C710009A6B3 /* Release */,
			);
			defaultConfigurationIsVisible = 0;
			defaultConfigurationName = Release;
		};
		7537A6032B839C710009A6B3 /* Build configuration list for PBXNativeTarget "TrackerTests" */ = {
			isa = XCConfigurationList;
			buildConfigurations = (
				7537A6042B839C710009A6B3 /* Debug */,
				7537A6052B839C710009A6B3 /* Release */,
			);
			defaultConfigurationIsVisible = 0;
			defaultConfigurationName = Release;
		};
		7537A6062B839C710009A6B3 /* Build configuration list for PBXNativeTarget "TrackerUITests" */ = {
			isa = XCConfigurationList;
			buildConfigurations = (
				7537A6072B839C710009A6B3 /* Debug */,
				7537A6082B839C710009A6B3 /* Release */,
			);
			defaultConfigurationIsVisible = 0;
			defaultConfigurationName = Release;
		};
/* End XCConfigurationList section */

/* Begin XCRemoteSwiftPackageReference section */
		75040EFA2BC84EFB00D92B37 /* XCRemoteSwiftPackageReference "swift-snapshot-testing" */ = {
			isa = XCRemoteSwiftPackageReference;
			repositoryURL = "https://github.com/pointfreeco/swift-snapshot-testing.git";
			requirement = {
				kind = upToNextMinorVersion;
				minimumVersion = 1.16.0;
			};
		};
/* End XCRemoteSwiftPackageReference section */

/* Begin XCSwiftPackageProductDependency section */
		75040EFB2BC84EFB00D92B37 /* InlineSnapshotTesting */ = {
			isa = XCSwiftPackageProductDependency;
			package = 75040EFA2BC84EFB00D92B37 /* XCRemoteSwiftPackageReference "swift-snapshot-testing" */;
			productName = InlineSnapshotTesting;
		};
		75040EFD2BC84EFB00D92B37 /* SnapshotTesting */ = {
			isa = XCSwiftPackageProductDependency;
			package = 75040EFA2BC84EFB00D92B37 /* XCRemoteSwiftPackageReference "swift-snapshot-testing" */;
			productName = SnapshotTesting;
		};
/* End XCSwiftPackageProductDependency section */

/* Begin XCVersionGroup section */
		75CD2E472BB0668E00BBCF21 /* Tracker.xcdatamodeld */ = {
			isa = XCVersionGroup;
			children = (
				75CD2E482BB0668E00BBCF21 /* Tracker.xcdatamodel */,
			);
			currentVersion = 75CD2E482BB0668E00BBCF21 /* Tracker.xcdatamodel */;
			path = Tracker.xcdatamodeld;
			sourceTree = "<group>";
			versionGroupType = wrapper.xcdatamodel;
		};
/* End XCVersionGroup section */
	};
	rootObject = 7537A5CE2B839C700009A6B3 /* Project object */;
}
